
Microsoft Visual Studio Solution File, Format Version 12.00
# Visual Studio Version 17
VisualStudioVersion = 17.6.33717.318
MinimumVisualStudioVersion = 10.0.40219.1
Project("{FAE04EC0-301F-11D3-BF4B-00C04F79EFBC}") = "LeveMeApi", "LeveMvApi\LeveMeApi.csproj", "{DFA6796B-88A6-4861-8A70-689760EA6BEB}"
EndProject
Project("{2150E333-8FDC-42A3-9474-1A3956D46DE8}") = "1-Web", "1-Web", "{243D677C-0335-4C84-B2E7-5DA2D30DA904}"
EndProject
Project("{2150E333-8FDC-42A3-9474-1A3956D46DE8}") = "2-Application", "2-Application", "{6A0B7FF7-1F9E-4AFE-A340-D7E747021A5D}"
EndProject
Project("{2150E333-8FDC-42A3-9474-1A3956D46DE8}") = "3-Domain", "3-Domain", "{DA2CD736-EBE7-413F-874D-E4D5CB4C75D4}"
EndProject
Project("{2150E333-8FDC-42A3-9474-1A3956D46DE8}") = "4-Infra", "4-Infra", "{B89AC12B-D3B4-4E80-A2FB-52AC95578092}"
EndProject
Project("{9A19103F-16F7-4668-BE54-9A1E7A4F7556}") = "LeveMe.Application", "LeveMv.Application\LeveMe.Application.csproj", "{7F16F82D-EDEE-4888-970E-AD31D7EB5F47}"
EndProject
Project("{9A19103F-16F7-4668-BE54-9A1E7A4F7556}") = "LeveMe.Domain", "LeveMv.Domain\LeveMe.Domain.csproj", "{319F4679-72A4-422C-8775-E441D8594CC7}"
EndProject
Project("{9A19103F-16F7-4668-BE54-9A1E7A4F7556}") = "LeveMe.Data", "LeveMv.Infra\LeveMe.Data.csproj", "{48D54417-EE97-4661-8485-8BD8E132AF3B}"
EndProject
Project("{2150E333-8FDC-42A3-9474-1A3956D46DE8}") = "4.1-Data", "4.1-Data", "{CFB7D53B-F710-4E0A-BEF1-962CC41FA74B}"
EndProject
Project("{2150E333-8FDC-42A3-9474-1A3956D46DE8}") = "4.2-CrossCutting", "4.2-CrossCutting", "{B6022227-DD82-4904-A3F1-EDAE557C0719}"
EndProject
Global
	GlobalSection(SolutionConfigurationPlatforms) = preSolution
		Debug|Any CPU = Debug|Any CPU
		Release|Any CPU = Release|Any CPU
	EndGlobalSection
	GlobalSection(ProjectConfigurationPlatforms) = postSolution
		{DFA6796B-88A6-4861-8A70-689760EA6BEB}.Debug|Any CPU.ActiveCfg = Debug|Any CPU
		{DFA6796B-88A6-4861-8A70-689760EA6BEB}.Debug|Any CPU.Build.0 = Debug|Any CPU
		{DFA6796B-88A6-4861-8A70-689760EA6BEB}.Release|Any CPU.ActiveCfg = Release|Any CPU
		{DFA6796B-88A6-4861-8A70-689760EA6BEB}.Release|Any CPU.Build.0 = Release|Any CPU
		{7F16F82D-EDEE-4888-970E-AD31D7EB5F47}.Debug|Any CPU.ActiveCfg = Debug|Any CPU
		{7F16F82D-EDEE-4888-970E-AD31D7EB5F47}.Debug|Any CPU.Build.0 = Debug|Any CPU
		{7F16F82D-EDEE-4888-970E-AD31D7EB5F47}.Release|Any CPU.ActiveCfg = Release|Any CPU
		{7F16F82D-EDEE-4888-970E-AD31D7EB5F47}.Release|Any CPU.Build.0 = Release|Any CPU
		{319F4679-72A4-422C-8775-E441D8594CC7}.Debug|Any CPU.ActiveCfg = Debug|Any CPU
		{319F4679-72A4-422C-8775-E441D8594CC7}.Debug|Any CPU.Build.0 = Debug|Any CPU
		{319F4679-72A4-422C-8775-E441D8594CC7}.Release|Any CPU.ActiveCfg = Release|Any CPU
		{319F4679-72A4-422C-8775-E441D8594CC7}.Release|Any CPU.Build.0 = Release|Any CPU
		{48D54417-EE97-4661-8485-8BD8E132AF3B}.Debug|Any CPU.ActiveCfg = Debug|Any CPU
		{48D54417-EE97-4661-8485-8BD8E132AF3B}.Debug|Any CPU.Build.0 = Debug|Any CPU
		{48D54417-EE97-4661-8485-8BD8E132AF3B}.Release|Any CPU.ActiveCfg = Release|Any CPU
		{48D54417-EE97-4661-8485-8BD8E132AF3B}.Release|Any CPU.Build.0 = Release|Any CPU
	EndGlobalSection
	GlobalSection(SolutionProperties) = preSolution
		HideSolutionNode = FALSE
	EndGlobalSection
	GlobalSection(NestedProjects) = preSolution
		{DFA6796B-88A6-4861-8A70-689760EA6BEB} = {243D677C-0335-4C84-B2E7-5DA2D30DA904}
		{7F16F82D-EDEE-4888-970E-AD31D7EB5F47} = {6A0B7FF7-1F9E-4AFE-A340-D7E747021A5D}
		{319F4679-72A4-422C-8775-E441D8594CC7} = {DA2CD736-EBE7-413F-874D-E4D5CB4C75D4}
		{48D54417-EE97-4661-8485-8BD8E132AF3B} = {CFB7D53B-F710-4E0A-BEF1-962CC41FA74B}
		{CFB7D53B-F710-4E0A-BEF1-962CC41FA74B} = {B89AC12B-D3B4-4E80-A2FB-52AC95578092}
		{B6022227-DD82-4904-A3F1-EDAE557C0719} = {B89AC12B-D3B4-4E80-A2FB-52AC95578092}
	EndGlobalSection
	GlobalSection(ExtensibilityGlobals) = postSolution
		SolutionGuid = {E07F7F23-028F-4544-B578-B6D65E17D513}
	EndGlobalSection
EndGlobal
